
Microsoft Visual Studio Solution File, Format Version 12.00
# Visual Studio Version 17
VisualStudioVersion = 17.14.36414.22 d17.14
MinimumVisualStudioVersion = 10.0.40219.1
Project("{888888A0-9F3D-457C-B088-3A5042F75D52}") = "projectPractica", "projectPractica\projectPractica.pyproj", "{3AB5571B-B864-40FC-BC50-C0F27314861C}"
EndProject
Global
	GlobalSection(SolutionConfigurationPlatforms) = preSolution
		Debug|Any CPU = Debug|Any CPU
		Release|Any CPU = Release|Any CPU
	EndGlobalSection
	GlobalSection(ProjectConfigurationPlatforms) = postSolution
		{3AB5571B-B864-40FC-BC50-C0F27314861C}.Debug|Any CPU.ActiveCfg = Debug|Any CPU
		{3AB5571B-B864-40FC-BC50-C0F27314861C}.Release|Any CPU.ActiveCfg = Release|Any CPU
	EndGlobalSection
	GlobalSection(SolutionProperties) = preSolution
		HideSolutionNode = FALSE
	EndGlobalSection
	GlobalSection(ExtensibilityGlobals) = postSolution
		SolutionGuid = {B4D3163F-F38C-440D-ABA9-993D9FF9DC70}
	EndGlobalSection
EndGlobal
